
Microsoft Visual Studio Solution File, Format Version 12.00
# Visual Studio Version 16
VisualStudioVersion = 16.0.31624.102
MinimumVisualStudioVersion = 10.0.40219.1
Project("{FAE04EC0-301F-11D3-BF4B-00C04F79EFBC}") = "MichaelQuinlan.CharacterCreator.ConsoleHost", "MichaelQuinlan.CharacterCreator.ConsoleHost\MichaelQuinlan.CharacterCreator.ConsoleHost.csproj", "{A63CA987-91BE-428B-A9F7-05AE265597F5}"
EndProject
Global
	GlobalSection(SolutionConfigurationPlatforms) = preSolution
		Debug|Any CPU = Debug|Any CPU
		Release|Any CPU = Release|Any CPU
	EndGlobalSection
	GlobalSection(ProjectConfigurationPlatforms) = postSolution
		{A63CA987-91BE-428B-A9F7-05AE265597F5}.Debug|Any CPU.ActiveCfg = Debug|Any CPU
		{A63CA987-91BE-428B-A9F7-05AE265597F5}.Debug|Any CPU.Build.0 = Debug|Any CPU
		{A63CA987-91BE-428B-A9F7-05AE265597F5}.Release|Any CPU.ActiveCfg = Release|Any CPU
		{A63CA987-91BE-428B-A9F7-05AE265597F5}.Release|Any CPU.Build.0 = Release|Any CPU
	EndGlobalSection
	GlobalSection(SolutionProperties) = preSolution
		HideSolutionNode = FALSE
	EndGlobalSection
	GlobalSection(ExtensibilityGlobals) = postSolution
		SolutionGuid = {8A8F2E51-D48C-4DA0-9085-5E9FBBCE8280}
	EndGlobalSection
EndGlobal
